
Microsoft Visual Studio Solution File, Format Version 12.00
# Visual Studio Version 17
VisualStudioVersion = 17.3.32825.248
MinimumVisualStudioVersion = 10.0.40219.1
Project("{FAE04EC0-301F-11D3-BF4B-00C04F79EFBC}") = "task 47", "task 47.csproj", "{D38B9E90-3BA3-4265-B415-BB68F74D287D}"
EndProject
Global
	GlobalSection(SolutionConfigurationPlatforms) = preSolution
		Debug|Any CPU = Debug|Any CPU
		Release|Any CPU = Release|Any CPU
	EndGlobalSection
	GlobalSection(ProjectConfigurationPlatforms) = postSolution
		{D38B9E90-3BA3-4265-B415-BB68F74D287D}.Debug|Any CPU.ActiveCfg = Debug|Any CPU
		{D38B9E90-3BA3-4265-B415-BB68F74D287D}.Debug|Any CPU.Build.0 = Debug|Any CPU
		{D38B9E90-3BA3-4265-B415-BB68F74D287D}.Release|Any CPU.ActiveCfg = Release|Any CPU
		{D38B9E90-3BA3-4265-B415-BB68F74D287D}.Release|Any CPU.Build.0 = Release|Any CPU
	EndGlobalSection
	GlobalSection(SolutionProperties) = preSolution
		HideSolutionNode = FALSE
	EndGlobalSection
	GlobalSection(ExtensibilityGlobals) = postSolution
		SolutionGuid = {E3223433-BD7E-48D4-911F-7843FBE635A9}
	EndGlobalSection
EndGlobal
